# Buffalo Lock File - DO NOT EDIT MANUALLY
# Generated by Buffalo build system
# This file is auto-generated from buffalo.yaml

version: "1"
generated_at: 2026-02-13T15:38:41.5394768Z
config_hash: d44ba55bb818667759a4671f6a74582a69d427ef32ab23a6634511455cc5c2a0
project:
    name: models-e2e-test
    version: 1.0.0
proto:
    files:
        protos\ecommerce.proto:
            hash: b0c18db1ec1847abc74340e95112b1f2b037cdb7b3ac75ee1d6e2700605a4f2e
            size: 6622
            modified_at: 2026-02-13T15:22:46.8598476Z
            package: ecommerce.models
        protos\services.proto:
            hash: 0d48fa91c280f17cd6aa90f5b0339b2179c5d97e29a1dc72602447af62beb01d
            size: 2973
            modified_at: 2026-02-13T15:22:53.9204946Z
            package: ecommerce.permissions
        protos\validation.proto:
            hash: 1dc6aec71ea235fae5cc2787bae4b9b0a9e95f2d1590e82804c2aee7101d8ba9
            size: 2141
            modified_at: 2026-02-13T15:24:42.3185365Z
            package: ecommerce.validation
    import_paths: []
    total_files: 3
languages:
    python:
        enabled: true
        exclude_imports:
            - buf.
            - envoy.
            - google.
            - googleapis
            - grpc
            - opentelemetry
            - protobuf
            - validate
        output_dir: generated\python
    go:
        enabled: true
        module: github.com/yourorg/models-test
        output_dir: generated\go
    rust:
        enabled: true
        generator: rust-protobuf
        output_dir: generated\rust
    cpp:
        enabled: true
        namespace: models_test
        output_dir: generated\cpp
dependencies: []
tools:
    protoc: protoc
