# Buffalo Lock File - DO NOT EDIT MANUALLY
# Generated by Buffalo build system
# This file is auto-generated from buffalo.yaml

version: "1"
generated_at: 2026-01-20T12:13:16.8829746Z
config_hash: 3911371c7ed3c3d93322eb13aa13f048237814eeb9043a4c4041f64973e29c43
project:
    name: my-proto-project
    version: 0.1.0
proto:
    files:
        protos\bad_name.proto:
            hash: 7a62b9a3947484cb7f375a81e71f101a99ef87f0f74fa257050744f4245b66e2
            size: 216
            modified_at: 2026-01-19T05:36:58.8939229Z
            package: test.v1
        protos\example.proto:
            hash: 2d9879f5346cb470bb94c224545219b1692c6897d8db6c8c05ac1888a9db683b
            size: 511
            modified_at: 2026-01-19T05:36:58.8939229Z
            package: example
        protos\good_name.proto:
            hash: 121785495ecbbefb802c25f0915fab120811500e434103af88805f8f448452dc
            size: 230
            modified_at: 2026-01-20T12:03:35.9301382Z
            package: test.v1
        protos\user\v1\user.proto:
            hash: d9a1a170067079995a90e59b1cf9313ef3d9e63e6d45b6324537f3d5b5c2fd60
            size: 1866
            modified_at: 2026-01-19T05:36:58.8949225Z
            package: user.v1
    import_paths: []
    total_files: 4
languages:
    python:
        enabled: true
        exclude_imports:
            - buf.
            - envoy.
            - google.
            - googleapis
            - grpc
            - opentelemetry
            - protobuf
            - validate
        output_dir: generated\python
    go:
        enabled: true
        module: github.com/yourorg/yourproject
        output_dir: generated\go
dependencies:
    - name: googleapis
      type: git
      url: https://github.com/googleapis/googleapis
      version: master
      hash: ""
tools:
    protoc: protoc
